
Microsoft Visual Studio Solution File, Format Version 12.00
# Visual Studio Version 17
VisualStudioVersion = 17.9.34728.123
MinimumVisualStudioVersion = 10.0.40219.1
Project("{FAE04EC0-301F-11D3-BF4B-00C04F79EFBC}") = "BlazorWebApp", "BlazorWebApp.csproj", "{28D45913-1864-42A8-8EFB-7A4814C4FCA4}"
EndProject
Global
	GlobalSection(SolutionConfigurationPlatforms) = preSolution
		Debug|Any CPU = Debug|Any CPU
		Release|Any CPU = Release|Any CPU
	EndGlobalSection
	GlobalSection(ProjectConfigurationPlatforms) = postSolution
		{28D45913-1864-42A8-8EFB-7A4814C4FCA4}.Debug|Any CPU.ActiveCfg = Debug|Any CPU
		{28D45913-1864-42A8-8EFB-7A4814C4FCA4}.Debug|Any CPU.Build.0 = Debug|Any CPU
		{28D45913-1864-42A8-8EFB-7A4814C4FCA4}.Release|Any CPU.ActiveCfg = Release|Any CPU
		{28D45913-1864-42A8-8EFB-7A4814C4FCA4}.Release|Any CPU.Build.0 = Release|Any CPU
	EndGlobalSection
	GlobalSection(SolutionProperties) = preSolution
		HideSolutionNode = FALSE
	EndGlobalSection
	GlobalSection(ExtensibilityGlobals) = postSolution
		SolutionGuid = {B4E02DF3-E724-4054-B86E-0B8977CF1567}
	EndGlobalSection
EndGlobal
